
Microsoft Visual Studio Solution File, Format Version 12.00
# Visual Studio 2013
VisualStudioVersion = 12.0.40629.0
MinimumVisualStudioVersion = 10.0.40219.1
Project("{FAE04EC0-301F-11D3-BF4B-00C04F79EFBC}") = "POCAcademicSystem", "POCAcademicSystem\POCAcademicSystem.csproj", "{E839F7EF-0238-4009-9733-659C842331B9}"
EndProject
Project("{FAE04EC0-301F-11D3-BF4B-00C04F79EFBC}") = "POCAcademicSystem.Tests", "C:\Users\renan\Documents\Visual Studio 2013\Projects\POCAcademicSystem\POCAcademicSystem.Tests\POCAcademicSystem.Tests.csproj", "{8DFEE7EE-DCCF-42B3-AA56-23FD38479545}"
EndProject
Global
	GlobalSection(SolutionConfigurationPlatforms) = preSolution
		Debug|Any CPU = Debug|Any CPU
		Release|Any CPU = Release|Any CPU
	EndGlobalSection
	GlobalSection(ProjectConfigurationPlatforms) = postSolution
		{E839F7EF-0238-4009-9733-659C842331B9}.Debug|Any CPU.ActiveCfg = Debug|Any CPU
		{E839F7EF-0238-4009-9733-659C842331B9}.Debug|Any CPU.Build.0 = Debug|Any CPU
		{E839F7EF-0238-4009-9733-659C842331B9}.Release|Any CPU.ActiveCfg = Release|Any CPU
		{E839F7EF-0238-4009-9733-659C842331B9}.Release|Any CPU.Build.0 = Release|Any CPU
		{8DFEE7EE-DCCF-42B3-AA56-23FD38479545}.Debug|Any CPU.ActiveCfg = Debug|Any CPU
		{8DFEE7EE-DCCF-42B3-AA56-23FD38479545}.Debug|Any CPU.Build.0 = Debug|Any CPU
		{8DFEE7EE-DCCF-42B3-AA56-23FD38479545}.Release|Any CPU.ActiveCfg = Release|Any CPU
		{8DFEE7EE-DCCF-42B3-AA56-23FD38479545}.Release|Any CPU.Build.0 = Release|Any CPU
	EndGlobalSection
	GlobalSection(SolutionProperties) = preSolution
		HideSolutionNode = FALSE
	EndGlobalSection
EndGlobal
