
Microsoft Visual Studio Solution File, Format Version 12.00
# Visual Studio 2013
VisualStudioVersion = 12.0.40629.0
MinimumVisualStudioVersion = 10.0.40219.1
Project("{FAE04EC0-301F-11D3-BF4B-00C04F79EFBC}") = "POCAcademicSystem", "POCAcademicSystem\POCAcademicSystem.csproj", "{E839F7EF-0238-4009-9733-659C842331B9}"
EndProject
Project("{FAE04EC0-301F-11D3-BF4B-00C04F79EFBC}") = "POCAcademicSystem.Tests", "C:\Users\renan\Documents\Visual Studio 2013\Projects\POCAcademicSystem\POCAcademicSystem.Tests\POCAcademicSystem.Tests.csproj", "{8DFEE7EE-DCCF-42B3-AA56-23FD38479545}"
EndProject
Project("{FAE04EC0-301F-11D3-BF4B-00C04F79EFBC}") = "POCAcademicSystem.EntityFramework", "POCAcademicSystem.EntityFramework\POCAcademicSystem.EntityFramework.csproj", "{03FB29DA-CB28-4D89-B8A4-7D05325951E2}"
EndProject
Project("{FAE04EC0-301F-11D3-BF4B-00C04F79EFBC}") = "POCAcademicSystem.Model", "POCAcademicSystem.Model\POCAcademicSystem.Model.csproj", "{AE07BD5D-27FA-4013-A12D-95613E834BA5}"
EndProject
Project("{2150E333-8FDC-42A3-9474-1A3956D46DE8}") = "Persistence", "Persistence", "{24BD509D-E0A6-423E-A2A2-6D8373224752}"
EndProject
Project("{FAE04EC0-301F-11D3-BF4B-00C04F79EFBC}") = "POCAcademicSystem.Persistence", "POCAcademicSystem.Persistence\POCAcademicSystem.Persistence.csproj", "{78EABF25-5E0C-431F-AFA2-636D4065811B}"
EndProject
Project("{2150E333-8FDC-42A3-9474-1A3956D46DE8}") = "Domain", "Domain", "{3EC6CCFE-0781-4234-AC0B-B4116D2B2879}"
EndProject
Project("{FAE04EC0-301F-11D3-BF4B-00C04F79EFBC}") = "POCAcademicSystem.Core", "POCAcademicSystem.Core\POCAcademicSystem.Core.csproj", "{C14CCBB3-25EC-49A7-9FAA-9C3A71BB65F3}"
EndProject
Project("{FAE04EC0-301F-11D3-BF4B-00C04F79EFBC}") = "POCAcademicSystem.Domain", "POCAcademicSystem.Domain\POCAcademicSystem.Domain.csproj", "{FF371AAD-1CD4-4151-BAD2-958A0ABE0596}"
EndProject
Global
	GlobalSection(SolutionConfigurationPlatforms) = preSolution
		Debug|Any CPU = Debug|Any CPU
		Release|Any CPU = Release|Any CPU
	EndGlobalSection
	GlobalSection(ProjectConfigurationPlatforms) = postSolution
		{E839F7EF-0238-4009-9733-659C842331B9}.Debug|Any CPU.ActiveCfg = Debug|Any CPU
		{E839F7EF-0238-4009-9733-659C842331B9}.Debug|Any CPU.Build.0 = Debug|Any CPU
		{E839F7EF-0238-4009-9733-659C842331B9}.Release|Any CPU.ActiveCfg = Release|Any CPU
		{E839F7EF-0238-4009-9733-659C842331B9}.Release|Any CPU.Build.0 = Release|Any CPU
		{8DFEE7EE-DCCF-42B3-AA56-23FD38479545}.Debug|Any CPU.ActiveCfg = Debug|Any CPU
		{8DFEE7EE-DCCF-42B3-AA56-23FD38479545}.Debug|Any CPU.Build.0 = Debug|Any CPU
		{8DFEE7EE-DCCF-42B3-AA56-23FD38479545}.Release|Any CPU.ActiveCfg = Release|Any CPU
		{8DFEE7EE-DCCF-42B3-AA56-23FD38479545}.Release|Any CPU.Build.0 = Release|Any CPU
		{03FB29DA-CB28-4D89-B8A4-7D05325951E2}.Debug|Any CPU.ActiveCfg = Debug|Any CPU
		{03FB29DA-CB28-4D89-B8A4-7D05325951E2}.Debug|Any CPU.Build.0 = Debug|Any CPU
		{03FB29DA-CB28-4D89-B8A4-7D05325951E2}.Release|Any CPU.ActiveCfg = Release|Any CPU
		{03FB29DA-CB28-4D89-B8A4-7D05325951E2}.Release|Any CPU.Build.0 = Release|Any CPU
		{AE07BD5D-27FA-4013-A12D-95613E834BA5}.Debug|Any CPU.ActiveCfg = Debug|Any CPU
		{AE07BD5D-27FA-4013-A12D-95613E834BA5}.Debug|Any CPU.Build.0 = Debug|Any CPU
		{AE07BD5D-27FA-4013-A12D-95613E834BA5}.Release|Any CPU.ActiveCfg = Release|Any CPU
		{AE07BD5D-27FA-4013-A12D-95613E834BA5}.Release|Any CPU.Build.0 = Release|Any CPU
		{78EABF25-5E0C-431F-AFA2-636D4065811B}.Debug|Any CPU.ActiveCfg = Debug|Any CPU
		{78EABF25-5E0C-431F-AFA2-636D4065811B}.Debug|Any CPU.Build.0 = Debug|Any CPU
		{78EABF25-5E0C-431F-AFA2-636D4065811B}.Release|Any CPU.ActiveCfg = Release|Any CPU
		{78EABF25-5E0C-431F-AFA2-636D4065811B}.Release|Any CPU.Build.0 = Release|Any CPU
		{C14CCBB3-25EC-49A7-9FAA-9C3A71BB65F3}.Debug|Any CPU.ActiveCfg = Debug|Any CPU
		{C14CCBB3-25EC-49A7-9FAA-9C3A71BB65F3}.Debug|Any CPU.Build.0 = Debug|Any CPU
		{C14CCBB3-25EC-49A7-9FAA-9C3A71BB65F3}.Release|Any CPU.ActiveCfg = Release|Any CPU
		{C14CCBB3-25EC-49A7-9FAA-9C3A71BB65F3}.Release|Any CPU.Build.0 = Release|Any CPU
		{FF371AAD-1CD4-4151-BAD2-958A0ABE0596}.Debug|Any CPU.ActiveCfg = Debug|Any CPU
		{FF371AAD-1CD4-4151-BAD2-958A0ABE0596}.Debug|Any CPU.Build.0 = Debug|Any CPU
		{FF371AAD-1CD4-4151-BAD2-958A0ABE0596}.Release|Any CPU.ActiveCfg = Release|Any CPU
		{FF371AAD-1CD4-4151-BAD2-958A0ABE0596}.Release|Any CPU.Build.0 = Release|Any CPU
	EndGlobalSection
	GlobalSection(SolutionProperties) = preSolution
		HideSolutionNode = FALSE
	EndGlobalSection
	GlobalSection(NestedProjects) = preSolution
		{03FB29DA-CB28-4D89-B8A4-7D05325951E2} = {24BD509D-E0A6-423E-A2A2-6D8373224752}
		{AE07BD5D-27FA-4013-A12D-95613E834BA5} = {24BD509D-E0A6-423E-A2A2-6D8373224752}
		{78EABF25-5E0C-431F-AFA2-636D4065811B} = {24BD509D-E0A6-423E-A2A2-6D8373224752}
		{C14CCBB3-25EC-49A7-9FAA-9C3A71BB65F3} = {3EC6CCFE-0781-4234-AC0B-B4116D2B2879}
		{FF371AAD-1CD4-4151-BAD2-958A0ABE0596} = {3EC6CCFE-0781-4234-AC0B-B4116D2B2879}
	EndGlobalSection
EndGlobal
